
Microsoft Visual Studio Solution File, Format Version 12.00
# Visual Studio 14
VisualStudioVersion = 14.0.25420.1
MinimumVisualStudioVersion = 10.0.40219.1
Project("{FAE04EC0-301F-11D3-BF4B-00C04F79EFBC}") = "MyAutoUpdater", "MyAutoUpdater\MyAutoUpdater.csproj", "{FB9E7E6B-B19F-4F37-A708-2996190CEF13}"
EndProject
Global
	GlobalSection(SolutionConfigurationPlatforms) = preSolution
		Debug|Any CPU = Debug|Any CPU
		Debug-NET35|Any CPU = Debug-NET35|Any CPU
		Debug-NET40|Any CPU = Debug-NET40|Any CPU
		Debug-NET452|Any CPU = Debug-NET452|Any CPU
		Debug-NET462|Any CPU = Debug-NET462|Any CPU
		Release|Any CPU = Release|Any CPU
		Release-NET35|Any CPU = Release-NET35|Any CPU
		Release-NET40|Any CPU = Release-NET40|Any CPU
		Release-NET452|Any CPU = Release-NET452|Any CPU
		Release-NET462|Any CPU = Release-NET462|Any CPU
	EndGlobalSection
	GlobalSection(ProjectConfigurationPlatforms) = postSolution
		{FB9E7E6B-B19F-4F37-A708-2996190CEF13}.Debug|Any CPU.ActiveCfg = Debug|Any CPU
		{FB9E7E6B-B19F-4F37-A708-2996190CEF13}.Debug|Any CPU.Build.0 = Debug|Any CPU
		{FB9E7E6B-B19F-4F37-A708-2996190CEF13}.Debug-NET35|Any CPU.ActiveCfg = Debug-NET35|Any CPU
		{FB9E7E6B-B19F-4F37-A708-2996190CEF13}.Debug-NET35|Any CPU.Build.0 = Debug-NET35|Any CPU
		{FB9E7E6B-B19F-4F37-A708-2996190CEF13}.Debug-NET40|Any CPU.ActiveCfg = Debug-NET40|Any CPU
		{FB9E7E6B-B19F-4F37-A708-2996190CEF13}.Debug-NET40|Any CPU.Build.0 = Debug-NET40|Any CPU
		{FB9E7E6B-B19F-4F37-A708-2996190CEF13}.Debug-NET452|Any CPU.ActiveCfg = Debug-NET452|Any CPU
		{FB9E7E6B-B19F-4F37-A708-2996190CEF13}.Debug-NET452|Any CPU.Build.0 = Debug-NET452|Any CPU
		{FB9E7E6B-B19F-4F37-A708-2996190CEF13}.Debug-NET462|Any CPU.ActiveCfg = Debug-NET462|Any CPU
		{FB9E7E6B-B19F-4F37-A708-2996190CEF13}.Debug-NET462|Any CPU.Build.0 = Debug-NET462|Any CPU
		{FB9E7E6B-B19F-4F37-A708-2996190CEF13}.Release|Any CPU.ActiveCfg = Release|Any CPU
		{FB9E7E6B-B19F-4F37-A708-2996190CEF13}.Release|Any CPU.Build.0 = Release|Any CPU
		{FB9E7E6B-B19F-4F37-A708-2996190CEF13}.Release-NET35|Any CPU.ActiveCfg = Release-NET35|Any CPU
		{FB9E7E6B-B19F-4F37-A708-2996190CEF13}.Release-NET35|Any CPU.Build.0 = Release-NET35|Any CPU
		{FB9E7E6B-B19F-4F37-A708-2996190CEF13}.Release-NET40|Any CPU.ActiveCfg = Release-NET40|Any CPU
		{FB9E7E6B-B19F-4F37-A708-2996190CEF13}.Release-NET40|Any CPU.Build.0 = Release-NET40|Any CPU
		{FB9E7E6B-B19F-4F37-A708-2996190CEF13}.Release-NET452|Any CPU.ActiveCfg = Release-NET452|Any CPU
		{FB9E7E6B-B19F-4F37-A708-2996190CEF13}.Release-NET452|Any CPU.Build.0 = Release-NET452|Any CPU
		{FB9E7E6B-B19F-4F37-A708-2996190CEF13}.Release-NET462|Any CPU.ActiveCfg = Release-NET462|Any CPU
		{FB9E7E6B-B19F-4F37-A708-2996190CEF13}.Release-NET462|Any CPU.Build.0 = Release-NET462|Any CPU
	EndGlobalSection
	GlobalSection(SolutionProperties) = preSolution
		HideSolutionNode = FALSE
	EndGlobalSection
	GlobalSection(ExtensibilityGlobals) = postSolution
		SolutionGuid = {75C1F7DD-ECF1-4859-8379-89B62DF2516C}
	EndGlobalSection
	GlobalSection(SubversionScc) = preSolution
		Svn-Managed = True
		Manager = AnkhSVN - Subversion Support for Visual Studio
	EndGlobalSection
EndGlobal
